# THIS IS AN AUTOGENERATED FILE. DO NOT EDIT THIS FILE DIRECTLY.
# yarn lockfile v1


"@emnapi/core@^1.5.0":
  version "1.6.0"
  resolved "1.6.0"
  dependencies:
    "@emnapi/wasi-threads" "1.1.0"
    tslib "^2.4.0"

"@emnapi/runtime@^1.5.0":
  version "1.6.0"
  resolved "1.6.0"
  dependencies:
    tslib "^2.4.0"

"@emnapi/wasi-threads@1.1.0":
  version "1.1.0"
  resolved "1.1.0"
  dependencies:
    tslib "^2.4.0"

"@inquirer/ansi@^1.0.1":
  version "1.0.1"
  resolved "1.0.1"

"@inquirer/checkbox@^4.3.0":
  version "4.3.0"
  resolved "4.3.0"
  dependencies:
    "@inquirer/ansi" "^1.0.1"
    "@inquirer/core" "^10.3.0"
    "@inquirer/figures" "^1.0.14"
    "@inquirer/type" "^3.0.9"
    yoctocolors-cjs "^2.1.2"

"@inquirer/confirm@^5.1.19":
  version "5.1.19"
  resolved "5.1.19"
  dependencies:
    "@inquirer/core" "^10.3.0"
    "@inquirer/type" "^3.0.9"

"@inquirer/core@^10.3.0":
  version "10.3.0"
  resolved "10.3.0"
  dependencies:
    "@inquirer/ansi" "^1.0.1"
    "@inquirer/figures" "^1.0.14"
    "@inquirer/type" "^3.0.9"
    cli-width "^4.1.0"
    mute-stream "^2.0.0"
    signal-exit "^4.1.0"
    wrap-ansi "^6.2.0"
    yoctocolors-cjs "^2.1.2"

"@inquirer/editor@^4.2.21":
  version "4.2.21"
  resolved "4.2.21"
  dependencies:
    "@inquirer/core" "^10.3.0"
    "@inquirer/external-editor" "^1.0.2"
    "@inquirer/type" "^3.0.9"

"@inquirer/expand@^4.0.21":
  version "4.0.21"
  resolved "4.0.21"
  dependencies:
    "@inquirer/core" "^10.3.0"
    "@inquirer/type" "^3.0.9"
    yoctocolors-cjs "^2.1.2"

"@inquirer/external-editor@^1.0.2":
  version "1.0.2"
  resolved "1.0.2"
  dependencies:
    chardet "^2.1.0"
    iconv-lite "^0.7.0"

"@inquirer/figures@^1.0.14":
  version "1.0.14"
  resolved "1.0.14"

"@inquirer/input@^4.2.5":
  version "4.2.5"
  resolved "4.2.5"
  dependencies:
    "@inquirer/core" "^10.3.0"
    "@inquirer/type" "^3.0.9"

"@inquirer/number@^3.0.21":
  version "3.0.21"
  resolved "3.0.21"
  dependencies:
    "@inquirer/core" "^10.3.0"
    "@inquirer/type" "^3.0.9"

"@inquirer/password@^4.0.21":
  version "4.0.21"
  resolved "4.0.21"
  dependencies:
    "@inquirer/ansi" "^1.0.1"
    "@inquirer/core" "^10.3.0"
    "@inquirer/type" "^3.0.9"

"@inquirer/prompts@^7.8.4":
  version "7.9.0"
  resolved "7.9.0"
  dependencies:
    "@inquirer/checkbox" "^4.3.0"
    "@inquirer/confirm" "^5.1.19"
    "@inquirer/editor" "^4.2.21"
    "@inquirer/expand" "^4.0.21"
    "@inquirer/input" "^4.2.5"
    "@inquirer/number" "^3.0.21"
    "@inquirer/password" "^4.0.21"
    "@inquirer/rawlist" "^4.1.9"
    "@inquirer/search" "^3.2.0"
    "@inquirer/select" "^4.4.0"

"@inquirer/rawlist@^4.1.9":
  version "4.1.9"
  resolved "4.1.9"
  dependencies:
    "@inquirer/core" "^10.3.0"
    "@inquirer/type" "^3.0.9"
    yoctocolors-cjs "^2.1.2"

"@inquirer/search@^3.2.0":
  version "3.2.0"
  resolved "3.2.0"
  dependencies:
    "@inquirer/core" "^10.3.0"
    "@inquirer/figures" "^1.0.14"
    "@inquirer/type" "^3.0.9"
    yoctocolors-cjs "^2.1.2"

"@inquirer/select@^4.4.0":
  version "4.4.0"
  resolved "4.4.0"
  dependencies:
    "@inquirer/ansi" "^1.0.1"
    "@inquirer/core" "^10.3.0"
    "@inquirer/figures" "^1.0.14"
    "@inquirer/type" "^3.0.9"
    yoctocolors-cjs "^2.1.2"

"@inquirer/type@^3.0.9":
  version "3.0.9"
  resolved "3.0.9"

"@jridgewell/sourcemap-codec@^1.5.5":
  version "1.5.5"
  resolved "1.5.5"

"@napi-rs/cross-toolchain@^1.0.3":
  version "1.0.3"
  resolved "1.0.3"
  dependencies:
    "@napi-rs/lzma" "^1.4.5"
    "@napi-rs/tar" "^1.1.0"
    debug "^4.4.1"

"@napi-rs/lzma@^1.4.5":
  version "1.4.5"
  resolved "1.4.5"
  optionalDependencies:
    "@napi-rs/lzma-android-arm-eabi" "1.4.5"
    "@napi-rs/lzma-android-arm64" "1.4.5"
    "@napi-rs/lzma-darwin-arm64" "1.4.5"
    "@napi-rs/lzma-darwin-x64" "1.4.5"
    "@napi-rs/lzma-freebsd-x64" "1.4.5"
    "@napi-rs/lzma-linux-arm-gnueabihf" "1.4.5"
    "@napi-rs/lzma-linux-arm64-gnu" "1.4.5"
    "@napi-rs/lzma-linux-arm64-musl" "1.4.5"
    "@napi-rs/lzma-linux-ppc64-gnu" "1.4.5"
    "@napi-rs/lzma-linux-riscv64-gnu" "1.4.5"
    "@napi-rs/lzma-linux-s390x-gnu" "1.4.5"
    "@napi-rs/lzma-linux-x64-gnu" "1.4.5"
    "@napi-rs/lzma-linux-x64-musl" "1.4.5"
    "@napi-rs/lzma-wasm32-wasi" "1.4.5"
    "@napi-rs/lzma-win32-arm64-msvc" "1.4.5"
    "@napi-rs/lzma-win32-ia32-msvc" "1.4.5"
    "@napi-rs/lzma-win32-x64-msvc" "1.4.5"

"@napi-rs/tar@^1.1.0":
  version "1.1.0"
  resolved "1.1.0"
  optionalDependencies:
    "@napi-rs/tar-android-arm-eabi" "1.1.0"
    "@napi-rs/tar-android-arm64" "1.1.0"
    "@napi-rs/tar-darwin-arm64" "1.1.0"
    "@napi-rs/tar-darwin-x64" "1.1.0"
    "@napi-rs/tar-freebsd-x64" "1.1.0"
    "@napi-rs/tar-linux-arm-gnueabihf" "1.1.0"
    "@napi-rs/tar-linux-arm64-gnu" "1.1.0"
    "@napi-rs/tar-linux-arm64-musl" "1.1.0"
    "@napi-rs/tar-linux-ppc64-gnu" "1.1.0"
    "@napi-rs/tar-linux-s390x-gnu" "1.1.0"
    "@napi-rs/tar-linux-x64-gnu" "1.1.0"
    "@napi-rs/tar-linux-x64-musl" "1.1.0"
    "@napi-rs/tar-wasm32-wasi" "1.1.0"
    "@napi-rs/tar-win32-arm64-msvc" "1.1.0"
    "@napi-rs/tar-win32-ia32-msvc" "1.1.0"
    "@napi-rs/tar-win32-x64-msvc" "1.1.0"

"@napi-rs/wasm-tools@^1.0.1":
  version "1.0.1"
  resolved "1.0.1"
  optionalDependencies:
    "@napi-rs/wasm-tools-android-arm-eabi" "1.0.1"
    "@napi-rs/wasm-tools-android-arm64" "1.0.1"
    "@napi-rs/wasm-tools-darwin-arm64" "1.0.1"
    "@napi-rs/wasm-tools-darwin-x64" "1.0.1"
    "@napi-rs/wasm-tools-freebsd-x64" "1.0.1"
    "@napi-rs/wasm-tools-linux-arm64-gnu" "1.0.1"
    "@napi-rs/wasm-tools-linux-arm64-musl" "1.0.1"
    "@napi-rs/wasm-tools-linux-x64-gnu" "1.0.1"
    "@napi-rs/wasm-tools-linux-x64-musl" "1.0.1"
    "@napi-rs/wasm-tools-wasm32-wasi" "1.0.1"
    "@napi-rs/wasm-tools-win32-arm64-msvc" "1.0.1"
    "@napi-rs/wasm-tools-win32-ia32-msvc" "1.0.1"
    "@napi-rs/wasm-tools-win32-x64-msvc" "1.0.1"

"@octokit/auth-token@^6.0.0":
  version "6.0.0"
  resolved "6.0.0"

"@octokit/core@^7.0.2":
  version "7.0.5"
  resolved "7.0.5"
  dependencies:
    "@octokit/auth-token" "^6.0.0"
    "@octokit/graphql" "^9.0.2"
    "@octokit/request" "^10.0.4"
    "@octokit/request-error" "^7.0.1"
    "@octokit/types" "^15.0.0"
    before-after-hook "^4.0.0"
    universal-user-agent "^7.0.0"

"@octokit/endpoint@^11.0.1":
  version "11.0.1"
  resolved "11.0.1"
  dependencies:
    "@octokit/types" "^15.0.0"
    universal-user-agent "^7.0.2"

"@octokit/graphql@^9.0.2":
  version "9.0.2"
  resolved "9.0.2"
  dependencies:
    "@octokit/request" "^10.0.4"
    "@octokit/types" "^15.0.0"
    universal-user-agent "^7.0.0"

"@octokit/openapi-types@^26.0.0":
  version "26.0.0"
  resolved "26.0.0"

"@octokit/plugin-paginate-rest@^13.0.1":
  version "13.2.1"
  resolved "13.2.1"
  dependencies:
    "@octokit/types" "^15.0.1"

"@octokit/plugin-request-log@^6.0.0":
  version "6.0.0"
  resolved "6.0.0"

"@octokit/plugin-rest-endpoint-methods@^16.0.0":
  version "16.1.1"
  resolved "16.1.1"
  dependencies:
    "@octokit/types" "^15.0.1"

"@octokit/request-error@^7.0.1":
  version "7.0.1"
  resolved "7.0.1"
  dependencies:
    "@octokit/types" "^15.0.0"

"@octokit/request@^10.0.4":
  version "10.0.5"
  resolved "10.0.5"
  dependencies:
    "@octokit/endpoint" "^11.0.1"
    "@octokit/request-error" "^7.0.1"
    "@octokit/types" "^15.0.0"
    fast-content-type-parse "^3.0.0"
    universal-user-agent "^7.0.2"

"@octokit/rest@^22.0.0":
  version "22.0.0"
  resolved "22.0.0"
  dependencies:
    "@octokit/core" "^7.0.2"
    "@octokit/plugin-paginate-rest" "^13.0.1"
    "@octokit/plugin-request-log" "^6.0.0"
    "@octokit/plugin-rest-endpoint-methods" "^16.0.0"

"@octokit/types@^15.0.0":
  version "15.0.1"
  resolved "15.0.1"
  dependencies:
    "@octokit/openapi-types" "^26.0.0"

"@octokit/types@^15.0.1":
  version "15.0.1"
  resolved "15.0.1"
  dependencies:
    "@octokit/openapi-types" "^26.0.0"

"@pkgr/core@^0.2.9":
  version "0.2.9"
  resolved "0.2.9"

"@tybys/wasm-util@^0.10.1":
  version "0.10.1"
  resolved "0.10.1"
  dependencies:
    tslib "^2.4.0"

"@types/chai@^5.2.2":
  version "5.2.3"
  resolved "5.2.3"
  dependencies:
    "@types/deep-eql" "*"
    assertion-error "^2.0.1"

"@types/deep-eql@*":
  version "4.0.2"
  resolved "4.0.2"

"@types/estree@1.0.8":
  version "1.0.8"
  resolved "1.0.8"

"@types/estree@^1.0.0":
  version "1.0.8"
  resolved "1.0.8"

"@vitest/expect@3.2.4":
  version "3.2.4"
  resolved "3.2.4"
  dependencies:
    "@types/chai" "^5.2.2"
    "@vitest/spy" "3.2.4"
    "@vitest/utils" "3.2.4"
    chai "^5.2.0"
    tinyrainbow "^2.0.0"

"@vitest/mocker@3.2.4":
  version "3.2.4"
  resolved "3.2.4"
  dependencies:
    "@vitest/spy" "3.2.4"
    estree-walker "^3.0.3"
    magic-string "^0.30.17"

"@vitest/pretty-format@3.2.4":
  version "3.2.4"
  resolved "3.2.4"
  dependencies:
    tinyrainbow "^2.0.0"

"@vitest/pretty-format@^3.2.4":
  version "3.2.4"
  resolved "3.2.4"
  dependencies:
    tinyrainbow "^2.0.0"

"@vitest/runner@3.2.4":
  version "3.2.4"
  resolved "3.2.4"
  dependencies:
    "@vitest/utils" "3.2.4"
    pathe "^2.0.3"
    strip-literal "^3.0.0"

"@vitest/snapshot@3.2.4":
  version "3.2.4"
  resolved "3.2.4"
  dependencies:
    "@vitest/pretty-format" "3.2.4"
    magic-string "^0.30.17"
    pathe "^2.0.3"

"@vitest/spy@3.2.4":
  version "3.2.4"
  resolved "3.2.4"
  dependencies:
    tinyspy "^4.0.3"

"@vitest/utils@3.2.4":
  version "3.2.4"
  resolved "3.2.4"
  dependencies:
    "@vitest/pretty-format" "3.2.4"
    loupe "^3.1.4"
    tinyrainbow "^2.0.0"

ansi-regex@^5.0.1:
  version "5.0.1"
  resolved "5.0.1"

ansi-styles@^4.0.0:
  version "4.3.0"
  resolved "4.3.0"
  dependencies:
    color-convert "^2.0.1"

argparse@^2.0.1:
  version "2.0.1"
  resolved "2.0.1"

assertion-error@^2.0.1:
  version "2.0.1"
  resolved "2.0.1"

before-after-hook@^4.0.0:
  version "4.0.0"
  resolved "4.0.0"

cac@^6.7.14:
  version "6.7.14"
  resolved "6.7.14"

chai@^5.2.0:
  version "5.3.3"
  resolved "5.3.3"
  dependencies:
    assertion-error "^2.0.1"
    check-error "^2.1.1"
    deep-eql "^5.0.1"
    loupe "^3.1.0"
    pathval "^2.0.0"

chardet@^2.1.0:
  version "2.1.0"
  resolved "2.1.0"

check-error@^2.1.1:
  version "2.1.1"
  resolved "2.1.1"

cli-width@^4.1.0:
  version "4.1.0"
  resolved "4.1.0"

clipanion@^4.0.0-rc.4:
  version "4.0.0-rc.4"
  resolved "4.0.0-rc.4"
  dependencies:
    typanion "^3.8.0"

color-convert@^2.0.1:
  version "2.0.1"
  resolved "2.0.1"
  dependencies:
    color-name "~1.1.4"

color-name@~1.1.4:
  version "1.1.4"
  resolved "1.1.4"

colorette@^2.0.20:
  version "2.0.20"
  resolved "2.0.20"

crypto-random-string@^4.0.0:
  version "4.0.0"
  resolved "4.0.0"
  dependencies:
    type-fest "^1.0.1"

debug@^4.4.1:
  version "4.4.3"
  resolved "4.4.3"
  dependencies:
    ms "^2.1.3"

deep-eql@^5.0.1:
  version "5.0.2"
  resolved "5.0.2"

detect-indent@^7.0.1:
  version "7.0.2"
  resolved "7.0.2"

detect-newline@^4.0.1:
  version "4.0.1"
  resolved "4.0.1"

emnapi@^1.5.0:
  version "1.6.0"
  resolved "1.6.0"

emoji-regex@^8.0.0:
  version "8.0.0"
  resolved "8.0.0"

es-module-lexer@^1.7.0:
  version "1.7.0"
  resolved "1.7.0"

es-toolkit@^1.39.10:
  version "1.40.0"
  resolved "1.40.0"

esbuild@^0.25.0:
  version "0.25.11"
  resolved "0.25.11"
  optionalDependencies:
    "@esbuild/aix-ppc64" "0.25.11"
    "@esbuild/android-arm" "0.25.11"
    "@esbuild/android-arm64" "0.25.11"
    "@esbuild/android-x64" "0.25.11"
    "@esbuild/darwin-arm64" "0.25.11"
    "@esbuild/darwin-x64" "0.25.11"
    "@esbuild/freebsd-arm64" "0.25.11"
    "@esbuild/freebsd-x64" "0.25.11"
    "@esbuild/linux-arm" "0.25.11"
    "@esbuild/linux-arm64" "0.25.11"
    "@esbuild/linux-ia32" "0.25.11"
    "@esbuild/linux-loong64" "0.25.11"
    "@esbuild/linux-mips64el" "0.25.11"
    "@esbuild/linux-ppc64" "0.25.11"
    "@esbuild/linux-riscv64" "0.25.11"
    "@esbuild/linux-s390x" "0.25.11"
    "@esbuild/linux-x64" "0.25.11"
    "@esbuild/netbsd-arm64" "0.25.11"
    "@esbuild/netbsd-x64" "0.25.11"
    "@esbuild/openbsd-arm64" "0.25.11"
    "@esbuild/openbsd-x64" "0.25.11"
    "@esbuild/openharmony-arm64" "0.25.11"
    "@esbuild/sunos-x64" "0.25.11"
    "@esbuild/win32-arm64" "0.25.11"
    "@esbuild/win32-ia32" "0.25.11"
    "@esbuild/win32-x64" "0.25.11"

estree-walker@^3.0.3:
  version "3.0.3"
  resolved "3.0.3"
  dependencies:
    "@types/estree" "^1.0.0"

expect-type@^1.2.1:
  version "1.2.2"
  resolved "1.2.2"

fast-content-type-parse@^3.0.0:
  version "3.0.0"
  resolved "3.0.0"

fdir@^6.5.0:
  version "6.5.0"
  resolved "6.5.0"

git-hooks-list@^4.0.0:
  version "4.1.1"
  resolved "4.1.1"

iconv-lite@^0.7.0:
  version "0.7.0"
  resolved "0.7.0"
  dependencies:
    safer-buffer ">= 2.1.2 < 3.0.0"

is-fullwidth-code-point@^3.0.0:
  version "3.0.0"
  resolved "3.0.0"

is-plain-obj@^4.1.0:
  version "4.1.0"
  resolved "4.1.0"

is-stream@^3.0.0:
  version "3.0.0"
  resolved "3.0.0"

js-tokens@^9.0.1:
  version "9.0.1"
  resolved "9.0.1"

js-yaml@^4.1.0:
  version "4.1.0"
  resolved "4.1.0"
  dependencies:
    argparse "^2.0.1"

loupe@^3.1.0:
  version "3.2.1"
  resolved "3.2.1"

loupe@^3.1.4:
  version "3.2.1"
  resolved "3.2.1"

magic-string@^0.30.17:
  version "0.30.19"
  resolved "0.30.19"
  dependencies:
    "@jridgewell/sourcemap-codec" "^1.5.5"

ms@^2.1.3:
  version "2.1.3"
  resolved "2.1.3"

mute-stream@^2.0.0:
  version "2.0.0"
  resolved "2.0.0"

nanoid@^3.3.11:
  version "3.3.11"
  resolved "3.3.11"

pathe@^2.0.3:
  version "2.0.3"
  resolved "2.0.3"

pathval@^2.0.0:
  version "2.0.1"
  resolved "2.0.1"

picocolors@^1.1.1:
  version "1.1.1"
  resolved "1.1.1"

picomatch@^4.0.2:
  version "4.0.3"
  resolved "4.0.3"

picomatch@^4.0.3:
  version "4.0.3"
  resolved "4.0.3"

postcss@^8.5.6:
  version "8.5.6"
  resolved "8.5.6"
  dependencies:
    nanoid "^3.3.11"
    picocolors "^1.1.1"
    source-map-js "^1.2.1"

rollup@^4.43.0:
  version "4.52.5"
  resolved "4.52.5"
  dependencies:
    "@types/estree" "1.0.8"
  optionalDependencies:
    "@rollup/rollup-android-arm-eabi" "4.52.5"
    "@rollup/rollup-android-arm64" "4.52.5"
    "@rollup/rollup-darwin-arm64" "4.52.5"
    "@rollup/rollup-darwin-x64" "4.52.5"
    "@rollup/rollup-freebsd-arm64" "4.52.5"
    "@rollup/rollup-freebsd-x64" "4.52.5"
    "@rollup/rollup-linux-arm-gnueabihf" "4.52.5"
    "@rollup/rollup-linux-arm-musleabihf" "4.52.5"
    "@rollup/rollup-linux-arm64-gnu" "4.52.5"
    "@rollup/rollup-linux-arm64-musl" "4.52.5"
    "@rollup/rollup-linux-loong64-gnu" "4.52.5"
    "@rollup/rollup-linux-ppc64-gnu" "4.52.5"
    "@rollup/rollup-linux-riscv64-gnu" "4.52.5"
    "@rollup/rollup-linux-riscv64-musl" "4.52.5"
    "@rollup/rollup-linux-s390x-gnu" "4.52.5"
    "@rollup/rollup-linux-x64-gnu" "4.52.5"
    "@rollup/rollup-linux-x64-musl" "4.52.5"
    "@rollup/rollup-openharmony-arm64" "4.52.5"
    "@rollup/rollup-win32-arm64-msvc" "4.52.5"
    "@rollup/rollup-win32-ia32-msvc" "4.52.5"
    "@rollup/rollup-win32-x64-gnu" "4.52.5"
    "@rollup/rollup-win32-x64-msvc" "4.52.5"
    fsevents "~2.3.2"

"safer-buffer@>= 2.1.2 < 3.0.0":
  version "2.1.2"
  resolved "2.1.2"

semver@^7.7.1:
  version "7.7.3"
  resolved "7.7.3"

semver@^7.7.2:
  version "7.7.3"
  resolved "7.7.3"

siginfo@^2.0.0:
  version "2.0.0"
  resolved "2.0.0"

signal-exit@^4.1.0:
  version "4.1.0"
  resolved "4.1.0"

sort-object-keys@^1.1.3:
  version "1.1.3"
  resolved "1.1.3"

sort-package-json@3.4.0:
  version "3.4.0"
  resolved "3.4.0"
  dependencies:
    detect-indent "^7.0.1"
    detect-newline "^4.0.1"
    git-hooks-list "^4.0.0"
    is-plain-obj "^4.1.0"
    semver "^7.7.1"
    sort-object-keys "^1.1.3"
    tinyglobby "^0.2.12"

source-map-js@^1.2.1:
  version "1.2.1"
  resolved "1.2.1"

stackback@0.0.2:
  version "0.0.2"
  resolved "0.0.2"

std-env@^3.9.0:
  version "3.10.0"
  resolved "3.10.0"

string-width@^4.1.0:
  version "4.2.3"
  resolved "4.2.3"
  dependencies:
    emoji-regex "^8.0.0"
    is-fullwidth-code-point "^3.0.0"
    strip-ansi "^6.0.1"

strip-ansi@^6.0.0:
  version "6.0.1"
  resolved "6.0.1"
  dependencies:
    ansi-regex "^5.0.1"

strip-ansi@^6.0.1:
  version "6.0.1"
  resolved "6.0.1"
  dependencies:
    ansi-regex "^5.0.1"

strip-literal@^3.0.0:
  version "3.1.0"
  resolved "3.1.0"
  dependencies:
    js-tokens "^9.0.1"

synckit@0.11.11:
  version "0.11.11"
  resolved "0.11.11"
  dependencies:
    "@pkgr/core" "^0.2.9"

temp-dir@^3.0.0:
  version "3.0.0"
  resolved "3.0.0"

tinybench@^2.9.0:
  version "2.9.0"
  resolved "2.9.0"

tinyexec@^0.3.2:
  version "0.3.2"
  resolved "0.3.2"

tinyglobby@^0.2.12:
  version "0.2.15"
  resolved "0.2.15"
  dependencies:
    fdir "^6.5.0"
    picomatch "^4.0.3"

tinyglobby@^0.2.14:
  version "0.2.15"
  resolved "0.2.15"
  dependencies:
    fdir "^6.5.0"
    picomatch "^4.0.3"

tinyglobby@^0.2.15:
  version "0.2.15"
  resolved "0.2.15"
  dependencies:
    fdir "^6.5.0"
    picomatch "^4.0.3"

tinypool@^1.1.1:
  version "1.1.1"
  resolved "1.1.1"

tinyrainbow@^2.0.0:
  version "2.0.0"
  resolved "2.0.0"

tinyspy@^4.0.3:
  version "4.0.4"
  resolved "4.0.4"

tslib@^2.4.0:
  version "2.8.1"
  resolved "2.8.1"

typanion@^3.14.0:
  version "3.14.0"
  resolved "3.14.0"

typanion@^3.8.0:
  version "3.14.0"
  resolved "3.14.0"

type-fest@^1.0.1:
  version "1.4.0"
  resolved "1.4.0"

type-fest@^2.12.2:
  version "2.19.0"
  resolved "2.19.0"

undici-types@~6.21.0:
  version "6.21.0"
  resolved "6.21.0"

unique-string@^3.0.0:
  version "3.0.0"
  resolved "3.0.0"
  dependencies:
    crypto-random-string "^4.0.0"

universal-user-agent@^7.0.0:
  version "7.0.3"
  resolved "7.0.3"

universal-user-agent@^7.0.2:
  version "7.0.3"
  resolved "7.0.3"

vite-node@3.2.4:
  version "3.2.4"
  resolved "3.2.4"
  dependencies:
    cac "^6.7.14"
    debug "^4.4.1"
    es-module-lexer "^1.7.0"
    pathe "^2.0.3"
    vite "^5.0.0 || ^6.0.0 || ^7.0.0-0"

"vite@^5.0.0 || ^6.0.0 || ^7.0.0-0":
  version "7.1.11"
  resolved "7.1.11"
  dependencies:
    esbuild "^0.25.0"
    fdir "^6.5.0"
    picomatch "^4.0.3"
    postcss "^8.5.6"
    rollup "^4.43.0"
    tinyglobby "^0.2.15"
  optionalDependencies:
    fsevents "~2.3.3"

why-is-node-running@^2.3.0:
  version "2.3.0"
  resolved "2.3.0"
  dependencies:
    siginfo "^2.0.0"
    stackback "0.0.2"

wrap-ansi@^6.2.0:
  version "6.2.0"
  resolved "6.2.0"
  dependencies:
    ansi-styles "^4.0.0"
    string-width "^4.1.0"
    strip-ansi "^6.0.0"

yoctocolors-cjs@^2.1.2:
  version "2.1.3"
  resolved "2.1.3"
